# This file is generated by running "yarn install" inside your project.
# Manual changes might be lost - proceed with caution!

__metadata:
  version: 8
  cacheKey: 10c0

"@khora/presets@workspace:internal/presets":
  version: 0.0.0-use.local
  resolution: "@khora/presets@workspace:internal/presets"
  dependencies:
    oxlint: "catalog:"
  languageName: unknown
  linkType: soft

"@oxfmt/binding-android-arm-eabi@npm:0.32.0":
  version: 0.32.0
  resolution: "@oxfmt/binding-android-arm-eabi@npm:0.32.0"
  conditions: os=android & cpu=arm
  languageName: node
  linkType: hard

"@oxfmt/binding-android-arm64@npm:0.32.0":
  version: 0.32.0
  resolution: "@oxfmt/binding-android-arm64@npm:0.32.0"
  conditions: os=android & cpu=arm64
  languageName: node
  linkType: hard

"@oxfmt/binding-darwin-arm64@npm:0.32.0":
  version: 0.32.0
  resolution: "@oxfmt/binding-darwin-arm64@npm:0.32.0"
  conditions: os=darwin & cpu=arm64
  languageName: node
  linkType: hard

"@oxfmt/binding-darwin-x64@npm:0.32.0":
  version: 0.32.0
  resolution: "@oxfmt/binding-darwin-x64@npm:0.32.0"
  conditions: os=darwin & cpu=x64
  languageName: node
  linkType: hard

"@oxfmt/binding-freebsd-x64@npm:0.32.0":
  version: 0.32.0
  resolution: "@oxfmt/binding-freebsd-x64@npm:0.32.0"
  conditions: os=freebsd & cpu=x64
  languageName: node
  linkType: hard

"@oxfmt/binding-linux-arm-gnueabihf@npm:0.32.0":
  version: 0.32.0
  resolution: "@oxfmt/binding-linux-arm-gnueabihf@npm:0.32.0"
  conditions: os=linux & cpu=arm
  languageName: node
  linkType: hard

"@oxfmt/binding-linux-arm-musleabihf@npm:0.32.0":
  version: 0.32.0
  resolution: "@oxfmt/binding-linux-arm-musleabihf@npm:0.32.0"
  conditions: os=linux & cpu=arm
  languageName: node
  linkType: hard

"@oxfmt/binding-linux-arm64-gnu@npm:0.32.0":
  version: 0.32.0
  resolution: "@oxfmt/binding-linux-arm64-gnu@npm:0.32.0"
  conditions: os=linux & cpu=arm64 & libc=glibc
  languageName: node
  linkType: hard

"@oxfmt/binding-linux-arm64-musl@npm:0.32.0":
  version: 0.32.0
  resolution: "@oxfmt/binding-linux-arm64-musl@npm:0.32.0"
  conditions: os=linux & cpu=arm64 & libc=musl
  languageName: node
  linkType: hard

"@oxfmt/binding-linux-ppc64-gnu@npm:0.32.0":
  version: 0.32.0
  resolution: "@oxfmt/binding-linux-ppc64-gnu@npm:0.32.0"
  conditions: os=linux & cpu=ppc64 & libc=glibc
  languageName: node
  linkType: hard

"@oxfmt/binding-linux-riscv64-gnu@npm:0.32.0":
  version: 0.32.0
  resolution: "@oxfmt/binding-linux-riscv64-gnu@npm:0.32.0"
  conditions: os=linux & cpu=riscv64 & libc=glibc
  languageName: node
  linkType: hard

"@oxfmt/binding-linux-riscv64-musl@npm:0.32.0":
  version: 0.32.0
  resolution: "@oxfmt/binding-linux-riscv64-musl@npm:0.32.0"
  conditions: os=linux & cpu=riscv64 & libc=musl
  languageName: node
  linkType: hard

"@oxfmt/binding-linux-s390x-gnu@npm:0.32.0":
  version: 0.32.0
  resolution: "@oxfmt/binding-linux-s390x-gnu@npm:0.32.0"
  conditions: os=linux & cpu=s390x & libc=glibc
  languageName: node
  linkType: hard

"@oxfmt/binding-linux-x64-gnu@npm:0.32.0":
  version: 0.32.0
  resolution: "@oxfmt/binding-linux-x64-gnu@npm:0.32.0"
  conditions: os=linux & cpu=x64 & libc=glibc
  languageName: node
  linkType: hard

"@oxfmt/binding-linux-x64-musl@npm:0.32.0":
  version: 0.32.0
  resolution: "@oxfmt/binding-linux-x64-musl@npm:0.32.0"
  conditions: os=linux & cpu=x64 & libc=musl
  languageName: node
  linkType: hard

"@oxfmt/binding-openharmony-arm64@npm:0.32.0":
  version: 0.32.0
  resolution: "@oxfmt/binding-openharmony-arm64@npm:0.32.0"
  conditions: os=openharmony & cpu=arm64
  languageName: node
  linkType: hard

"@oxfmt/binding-win32-arm64-msvc@npm:0.32.0":
  version: 0.32.0
  resolution: "@oxfmt/binding-win32-arm64-msvc@npm:0.32.0"
  conditions: os=win32 & cpu=arm64
  languageName: node
  linkType: hard

"@oxfmt/binding-win32-ia32-msvc@npm:0.32.0":
  version: 0.32.0
  resolution: "@oxfmt/binding-win32-ia32-msvc@npm:0.32.0"
  conditions: os=win32 & cpu=ia32
  languageName: node
  linkType: hard

"@oxfmt/binding-win32-x64-msvc@npm:0.32.0":
  version: 0.32.0
  resolution: "@oxfmt/binding-win32-x64-msvc@npm:0.32.0"
  conditions: os=win32 & cpu=x64
  languageName: node
  linkType: hard

"@oxlint-tsgolint/darwin-arm64@npm:0.12.1":
  version: 0.12.1
  resolution: "@oxlint-tsgolint/darwin-arm64@npm:0.12.1"
  conditions: os=darwin & cpu=arm64
  languageName: node
  linkType: hard

"@oxlint-tsgolint/darwin-x64@npm:0.12.1":
  version: 0.12.1
  resolution: "@oxlint-tsgolint/darwin-x64@npm:0.12.1"
  conditions: os=darwin & cpu=x64
  languageName: node
  linkType: hard

"@oxlint-tsgolint/linux-arm64@npm:0.12.1":
  version: 0.12.1
  resolution: "@oxlint-tsgolint/linux-arm64@npm:0.12.1"
  conditions: os=linux & cpu=arm64
  languageName: node
  linkType: hard

"@oxlint-tsgolint/linux-x64@npm:0.12.1":
  version: 0.12.1
  resolution: "@oxlint-tsgolint/linux-x64@npm:0.12.1"
  conditions: os=linux & cpu=x64
  languageName: node
  linkType: hard

"@oxlint-tsgolint/win32-arm64@npm:0.12.1":
  version: 0.12.1
  resolution: "@oxlint-tsgolint/win32-arm64@npm:0.12.1"
  conditions: os=win32 & cpu=arm64
  languageName: node
  linkType: hard

"@oxlint-tsgolint/win32-x64@npm:0.12.1":
  version: 0.12.1
  resolution: "@oxlint-tsgolint/win32-x64@npm:0.12.1"
  conditions: os=win32 & cpu=x64
  languageName: node
  linkType: hard

"@oxlint/binding-android-arm-eabi@npm:1.47.0":
  version: 1.47.0
  resolution: "@oxlint/binding-android-arm-eabi@npm:1.47.0"
  conditions: os=android & cpu=arm
  languageName: node
  linkType: hard

"@oxlint/binding-android-arm64@npm:1.47.0":
  version: 1.47.0
  resolution: "@oxlint/binding-android-arm64@npm:1.47.0"
  conditions: os=android & cpu=arm64
  languageName: node
  linkType: hard

"@oxlint/binding-darwin-arm64@npm:1.47.0":
  version: 1.47.0
  resolution: "@oxlint/binding-darwin-arm64@npm:1.47.0"
  conditions: os=darwin & cpu=arm64
  languageName: node
  linkType: hard

"@oxlint/binding-darwin-x64@npm:1.47.0":
  version: 1.47.0
  resolution: "@oxlint/binding-darwin-x64@npm:1.47.0"
  conditions: os=darwin & cpu=x64
  languageName: node
  linkType: hard

"@oxlint/binding-freebsd-x64@npm:1.47.0":
  version: 1.47.0
  resolution: "@oxlint/binding-freebsd-x64@npm:1.47.0"
  conditions: os=freebsd & cpu=x64
  languageName: node
  linkType: hard

"@oxlint/binding-linux-arm-gnueabihf@npm:1.47.0":
  version: 1.47.0
  resolution: "@oxlint/binding-linux-arm-gnueabihf@npm:1.47.0"
  conditions: os=linux & cpu=arm
  languageName: node
  linkType: hard

"@oxlint/binding-linux-arm-musleabihf@npm:1.47.0":
  version: 1.47.0
  resolution: "@oxlint/binding-linux-arm-musleabihf@npm:1.47.0"
  conditions: os=linux & cpu=arm
  languageName: node
  linkType: hard

"@oxlint/binding-linux-arm64-gnu@npm:1.47.0":
  version: 1.47.0
  resolution: "@oxlint/binding-linux-arm64-gnu@npm:1.47.0"
  conditions: os=linux & cpu=arm64 & libc=glibc
  languageName: node
  linkType: hard

"@oxlint/binding-linux-arm64-musl@npm:1.47.0":
  version: 1.47.0
  resolution: "@oxlint/binding-linux-arm64-musl@npm:1.47.0"
  conditions: os=linux & cpu=arm64 & libc=musl
  languageName: node
  linkType: hard

"@oxlint/binding-linux-ppc64-gnu@npm:1.47.0":
  version: 1.47.0
  resolution: "@oxlint/binding-linux-ppc64-gnu@npm:1.47.0"
  conditions: os=linux & cpu=ppc64 & libc=glibc
  languageName: node
  linkType: hard

"@oxlint/binding-linux-riscv64-gnu@npm:1.47.0":
  version: 1.47.0
  resolution: "@oxlint/binding-linux-riscv64-gnu@npm:1.47.0"
  conditions: os=linux & cpu=riscv64 & libc=glibc
  languageName: node
  linkType: hard

"@oxlint/binding-linux-riscv64-musl@npm:1.47.0":
  version: 1.47.0
  resolution: "@oxlint/binding-linux-riscv64-musl@npm:1.47.0"
  conditions: os=linux & cpu=riscv64 & libc=musl
  languageName: node
  linkType: hard

"@oxlint/binding-linux-s390x-gnu@npm:1.47.0":
  version: 1.47.0
  resolution: "@oxlint/binding-linux-s390x-gnu@npm:1.47.0"
  conditions: os=linux & cpu=s390x & libc=glibc
  languageName: node
  linkType: hard

"@oxlint/binding-linux-x64-gnu@npm:1.47.0":
  version: 1.47.0
  resolution: "@oxlint/binding-linux-x64-gnu@npm:1.47.0"
  conditions: os=linux & cpu=x64 & libc=glibc
  languageName: node
  linkType: hard

"@oxlint/binding-linux-x64-musl@npm:1.47.0":
  version: 1.47.0
  resolution: "@oxlint/binding-linux-x64-musl@npm:1.47.0"
  conditions: os=linux & cpu=x64 & libc=musl
  languageName: node
  linkType: hard

"@oxlint/binding-openharmony-arm64@npm:1.47.0":
  version: 1.47.0
  resolution: "@oxlint/binding-openharmony-arm64@npm:1.47.0"
  conditions: os=openharmony & cpu=arm64
  languageName: node
  linkType: hard

"@oxlint/binding-win32-arm64-msvc@npm:1.47.0":
  version: 1.47.0
  resolution: "@oxlint/binding-win32-arm64-msvc@npm:1.47.0"
  conditions: os=win32 & cpu=arm64
  languageName: node
  linkType: hard

"@oxlint/binding-win32-ia32-msvc@npm:1.47.0":
  version: 1.47.0
  resolution: "@oxlint/binding-win32-ia32-msvc@npm:1.47.0"
  conditions: os=win32 & cpu=ia32
  languageName: node
  linkType: hard

"@oxlint/binding-win32-x64-msvc@npm:1.47.0":
  version: 1.47.0
  resolution: "@oxlint/binding-win32-x64-msvc@npm:1.47.0"
  conditions: os=win32 & cpu=x64
  languageName: node
  linkType: hard

"@typescript/native-preview-darwin-arm64@npm:7.0.0-dev.20260213.1":
  version: 7.0.0-dev.20260213.1
  resolution: "@typescript/native-preview-darwin-arm64@npm:7.0.0-dev.20260213.1"
  conditions: os=darwin & cpu=arm64
  languageName: node
  linkType: hard

"@typescript/native-preview-darwin-x64@npm:7.0.0-dev.20260213.1":
  version: 7.0.0-dev.20260213.1
  resolution: "@typescript/native-preview-darwin-x64@npm:7.0.0-dev.20260213.1"
  conditions: os=darwin & cpu=x64
  languageName: node
  linkType: hard

"@typescript/native-preview-linux-arm64@npm:7.0.0-dev.20260213.1":
  version: 7.0.0-dev.20260213.1
  resolution: "@typescript/native-preview-linux-arm64@npm:7.0.0-dev.20260213.1"
  conditions: os=linux & cpu=arm64
  languageName: node
  linkType: hard

"@typescript/native-preview-linux-arm@npm:7.0.0-dev.20260213.1":
  version: 7.0.0-dev.20260213.1
  resolution: "@typescript/native-preview-linux-arm@npm:7.0.0-dev.20260213.1"
  conditions: os=linux & cpu=arm
  languageName: node
  linkType: hard

"@typescript/native-preview-linux-x64@npm:7.0.0-dev.20260213.1":
  version: 7.0.0-dev.20260213.1
  resolution: "@typescript/native-preview-linux-x64@npm:7.0.0-dev.20260213.1"
  conditions: os=linux & cpu=x64
  languageName: node
  linkType: hard

"@typescript/native-preview-win32-arm64@npm:7.0.0-dev.20260213.1":
  version: 7.0.0-dev.20260213.1
  resolution: "@typescript/native-preview-win32-arm64@npm:7.0.0-dev.20260213.1"
  conditions: os=win32 & cpu=arm64
  languageName: node
  linkType: hard

"@typescript/native-preview-win32-x64@npm:7.0.0-dev.20260213.1":
  version: 7.0.0-dev.20260213.1
  resolution: "@typescript/native-preview-win32-x64@npm:7.0.0-dev.20260213.1"
  conditions: os=win32 & cpu=x64
  languageName: node
  linkType: hard

"@typescript/native-preview@npm:^7.0.0-dev.20260213.1":
  version: 7.0.0-dev.20260213.1
  resolution: "@typescript/native-preview@npm:7.0.0-dev.20260213.1"
  dependencies:
    "@typescript/native-preview-darwin-arm64": "npm:7.0.0-dev.20260213.1"
    "@typescript/native-preview-darwin-x64": "npm:7.0.0-dev.20260213.1"
    "@typescript/native-preview-linux-arm": "npm:7.0.0-dev.20260213.1"
    "@typescript/native-preview-linux-arm64": "npm:7.0.0-dev.20260213.1"
    "@typescript/native-preview-linux-x64": "npm:7.0.0-dev.20260213.1"
    "@typescript/native-preview-win32-arm64": "npm:7.0.0-dev.20260213.1"
    "@typescript/native-preview-win32-x64": "npm:7.0.0-dev.20260213.1"
  dependenciesMeta:
    "@typescript/native-preview-darwin-arm64":
      optional: true
    "@typescript/native-preview-darwin-x64":
      optional: true
    "@typescript/native-preview-linux-arm":
      optional: true
    "@typescript/native-preview-linux-arm64":
      optional: true
    "@typescript/native-preview-linux-x64":
      optional: true
    "@typescript/native-preview-win32-arm64":
      optional: true
    "@typescript/native-preview-win32-x64":
      optional: true
  bin:
    tsgo: bin/tsgo.js
  checksum: 10c0/4d488ba5dd88e01d675cdf8792f2ab077080ecb7d1d5119e431c2b62d60fd41cf35fc662771351c9309b68337500514840eac4e1d80598f7a80774e6bdb12469
  languageName: node
  linkType: hard

"khora@workspace:.":
  version: 0.0.0-use.local
  resolution: "khora@workspace:."
  dependencies:
    "@typescript/native-preview": "npm:^7.0.0-dev.20260213.1"
    oxfmt: "npm:^0.32.0"
    oxlint: "catalog:"
    oxlint-tsgolint: "catalog:"
    typescript: "npm:^5.9.3"
  dependenciesMeta:
    oxfmt:
      unplugged: true
    oxlint:
      unplugged: true
  languageName: unknown
  linkType: soft

"oxfmt@npm:^0.32.0":
  version: 0.32.0
  resolution: "oxfmt@npm:0.32.0"
  dependencies:
    "@oxfmt/binding-android-arm-eabi": "npm:0.32.0"
    "@oxfmt/binding-android-arm64": "npm:0.32.0"
    "@oxfmt/binding-darwin-arm64": "npm:0.32.0"
    "@oxfmt/binding-darwin-x64": "npm:0.32.0"
    "@oxfmt/binding-freebsd-x64": "npm:0.32.0"
    "@oxfmt/binding-linux-arm-gnueabihf": "npm:0.32.0"
    "@oxfmt/binding-linux-arm-musleabihf": "npm:0.32.0"
    "@oxfmt/binding-linux-arm64-gnu": "npm:0.32.0"
    "@oxfmt/binding-linux-arm64-musl": "npm:0.32.0"
    "@oxfmt/binding-linux-ppc64-gnu": "npm:0.32.0"
    "@oxfmt/binding-linux-riscv64-gnu": "npm:0.32.0"
    "@oxfmt/binding-linux-riscv64-musl": "npm:0.32.0"
    "@oxfmt/binding-linux-s390x-gnu": "npm:0.32.0"
    "@oxfmt/binding-linux-x64-gnu": "npm:0.32.0"
    "@oxfmt/binding-linux-x64-musl": "npm:0.32.0"
    "@oxfmt/binding-openharmony-arm64": "npm:0.32.0"
    "@oxfmt/binding-win32-arm64-msvc": "npm:0.32.0"
    "@oxfmt/binding-win32-ia32-msvc": "npm:0.32.0"
    "@oxfmt/binding-win32-x64-msvc": "npm:0.32.0"
    tinypool: "npm:2.1.0"
  dependenciesMeta:
    "@oxfmt/binding-android-arm-eabi":
      optional: true
    "@oxfmt/binding-android-arm64":
      optional: true
    "@oxfmt/binding-darwin-arm64":
      optional: true
    "@oxfmt/binding-darwin-x64":
      optional: true
    "@oxfmt/binding-freebsd-x64":
      optional: true
    "@oxfmt/binding-linux-arm-gnueabihf":
      optional: true
    "@oxfmt/binding-linux-arm-musleabihf":
      optional: true
    "@oxfmt/binding-linux-arm64-gnu":
      optional: true
    "@oxfmt/binding-linux-arm64-musl":
      optional: true
    "@oxfmt/binding-linux-ppc64-gnu":
      optional: true
    "@oxfmt/binding-linux-riscv64-gnu":
      optional: true
    "@oxfmt/binding-linux-riscv64-musl":
      optional: true
    "@oxfmt/binding-linux-s390x-gnu":
      optional: true
    "@oxfmt/binding-linux-x64-gnu":
      optional: true
    "@oxfmt/binding-linux-x64-musl":
      optional: true
    "@oxfmt/binding-openharmony-arm64":
      optional: true
    "@oxfmt/binding-win32-arm64-msvc":
      optional: true
    "@oxfmt/binding-win32-ia32-msvc":
      optional: true
    "@oxfmt/binding-win32-x64-msvc":
      optional: true
  bin:
    oxfmt: bin/oxfmt
  checksum: 10c0/b4182878a35dee2eff333fc40131a2a472e74ed4879b5a8fbd3ecd47413edf307d8358c4e8725e4bfc9cfc2a8b80e557b6b62d2426d3419047f26b5b23abf234
  languageName: node
  linkType: hard

"oxlint-tsgolint@npm:^0.12.1":
  version: 0.12.1
  resolution: "oxlint-tsgolint@npm:0.12.1"
  dependencies:
    "@oxlint-tsgolint/darwin-arm64": "npm:0.12.1"
    "@oxlint-tsgolint/darwin-x64": "npm:0.12.1"
    "@oxlint-tsgolint/linux-arm64": "npm:0.12.1"
    "@oxlint-tsgolint/linux-x64": "npm:0.12.1"
    "@oxlint-tsgolint/win32-arm64": "npm:0.12.1"
    "@oxlint-tsgolint/win32-x64": "npm:0.12.1"
  dependenciesMeta:
    "@oxlint-tsgolint/darwin-arm64":
      optional: true
    "@oxlint-tsgolint/darwin-x64":
      optional: true
    "@oxlint-tsgolint/linux-arm64":
      optional: true
    "@oxlint-tsgolint/linux-x64":
      optional: true
    "@oxlint-tsgolint/win32-arm64":
      optional: true
    "@oxlint-tsgolint/win32-x64":
      optional: true
  bin:
    tsgolint: bin/tsgolint.js
  checksum: 10c0/270054ca62254573bac8efa50ccbd8d95e5b8b9a0424b1a5a2ceda27f3fe6e099d9e660071e907bcd450cec217f79dec756161fe0efb4d4015639b30d6683abf
  languageName: node
  linkType: hard

"oxlint@npm:^1.47.0":
  version: 1.47.0
  resolution: "oxlint@npm:1.47.0"
  dependencies:
    "@oxlint/binding-android-arm-eabi": "npm:1.47.0"
    "@oxlint/binding-android-arm64": "npm:1.47.0"
    "@oxlint/binding-darwin-arm64": "npm:1.47.0"
    "@oxlint/binding-darwin-x64": "npm:1.47.0"
    "@oxlint/binding-freebsd-x64": "npm:1.47.0"
    "@oxlint/binding-linux-arm-gnueabihf": "npm:1.47.0"
    "@oxlint/binding-linux-arm-musleabihf": "npm:1.47.0"
    "@oxlint/binding-linux-arm64-gnu": "npm:1.47.0"
    "@oxlint/binding-linux-arm64-musl": "npm:1.47.0"
    "@oxlint/binding-linux-ppc64-gnu": "npm:1.47.0"
    "@oxlint/binding-linux-riscv64-gnu": "npm:1.47.0"
    "@oxlint/binding-linux-riscv64-musl": "npm:1.47.0"
    "@oxlint/binding-linux-s390x-gnu": "npm:1.47.0"
    "@oxlint/binding-linux-x64-gnu": "npm:1.47.0"
    "@oxlint/binding-linux-x64-musl": "npm:1.47.0"
    "@oxlint/binding-openharmony-arm64": "npm:1.47.0"
    "@oxlint/binding-win32-arm64-msvc": "npm:1.47.0"
    "@oxlint/binding-win32-ia32-msvc": "npm:1.47.0"
    "@oxlint/binding-win32-x64-msvc": "npm:1.47.0"
  peerDependencies:
    oxlint-tsgolint: ">=0.11.2"
  dependenciesMeta:
    "@oxlint/binding-android-arm-eabi":
      optional: true
    "@oxlint/binding-android-arm64":
      optional: true
    "@oxlint/binding-darwin-arm64":
      optional: true
    "@oxlint/binding-darwin-x64":
      optional: true
    "@oxlint/binding-freebsd-x64":
      optional: true
    "@oxlint/binding-linux-arm-gnueabihf":
      optional: true
    "@oxlint/binding-linux-arm-musleabihf":
      optional: true
    "@oxlint/binding-linux-arm64-gnu":
      optional: true
    "@oxlint/binding-linux-arm64-musl":
      optional: true
    "@oxlint/binding-linux-ppc64-gnu":
      optional: true
    "@oxlint/binding-linux-riscv64-gnu":
      optional: true
    "@oxlint/binding-linux-riscv64-musl":
      optional: true
    "@oxlint/binding-linux-s390x-gnu":
      optional: true
    "@oxlint/binding-linux-x64-gnu":
      optional: true
    "@oxlint/binding-linux-x64-musl":
      optional: true
    "@oxlint/binding-openharmony-arm64":
      optional: true
    "@oxlint/binding-win32-arm64-msvc":
      optional: true
    "@oxlint/binding-win32-ia32-msvc":
      optional: true
    "@oxlint/binding-win32-x64-msvc":
      optional: true
  peerDependenciesMeta:
    oxlint-tsgolint:
      optional: true
  bin:
    oxlint: bin/oxlint
  checksum: 10c0/9af083fb9610030e833b2fbc40bdf4be3fd0bb1a4fd7714858e60544d20052c28b28f237ec835a9279f06ab0fcc4e8a8390fa893a6319298d48a0d0de9d58393
  languageName: node
  linkType: hard

"tinypool@npm:2.1.0":
  version: 2.1.0
  resolution: "tinypool@npm:2.1.0"
  checksum: 10c0/9fb1c760558c6264e0f4cfde96a63b12450b43f1730fbe6274aa24ddbdf488745c08924d0dea7a1303b47d555416a6415f2113898c69b6ecf731e75ac95238a5
  languageName: node
  linkType: hard

"typescript@npm:^5.9.3":
  version: 5.9.3
  resolution: "typescript@npm:5.9.3"
  bin:
    tsc: bin/tsc
    tsserver: bin/tsserver
  checksum: 10c0/6bd7552ce39f97e711db5aa048f6f9995b53f1c52f7d8667c1abdc1700c68a76a308f579cd309ce6b53646deb4e9a1be7c813a93baaf0a28ccd536a30270e1c5
  languageName: node
  linkType: hard

"typescript@patch:typescript@npm%3A^5.9.3#optional!builtin<compat/typescript>":
  version: 5.9.3
  resolution: "typescript@patch:typescript@npm%3A5.9.3#optional!builtin<compat/typescript>::version=5.9.3&hash=5786d5"
  bin:
    tsc: bin/tsc
    tsserver: bin/tsserver
  checksum: 10c0/ad09fdf7a756814dce65bc60c1657b40d44451346858eea230e10f2e95a289d9183b6e32e5c11e95acc0ccc214b4f36289dcad4bf1886b0adb84d711d336a430
  languageName: node
  linkType: hard
